{
    "version": 3,
    "terraform_version": "0.11.1",
    "serial": 11,
    "lineage": "e7fd0de5-c726-49ef-a7cb-83ead8cc7960",
    "modules": [
        {
            "path": [
                "root"
            ],
            "outputs": {},
            "resources": {
                "aws_instance.harbor": {
                    "type": "aws_instance",
                    "depends_on": [
                        "data.aws_ami.harbor"
                    ],
                    "primary": {
                        "id": "i-024a5e66700074bc7",
                        "attributes": {
                            "ami": "ami-accf4dd4",
                            "associate_public_ip_address": "true",
                            "availability_zone": "us-west-2a",
                            "disable_api_termination": "false",
                            "ebs_block_device.#": "0",
                            "ebs_optimized": "false",
                            "ephemeral_block_device.#": "0",
                            "iam_instance_profile": "",
                            "id": "i-024a5e66700074bc7",
                            "instance_state": "running",
                            "instance_type": "t2.micro",
                            "ipv6_addresses.#": "0",
                            "key_name": "grant_pub",
                            "monitoring": "false",
                            "network_interface.#": "0",
                            "network_interface_id": "eni-22f0f507",
                            "placement_group": "",
                            "primary_network_interface_id": "eni-22f0f507",
                            "private_dns": "ip-172-31-34-219.us-west-2.compute.internal",
                            "private_ip": "172.31.34.219",
                            "public_dns": "ec2-54-191-70-27.us-west-2.compute.amazonaws.com",
                            "public_ip": "54.191.70.27",
                            "root_block_device.#": "1",
                            "root_block_device.0.delete_on_termination": "true",
                            "root_block_device.0.iops": "100",
                            "root_block_device.0.volume_id": "vol-0e4914691dd774348",
                            "root_block_device.0.volume_size": "8",
                            "root_block_device.0.volume_type": "gp2",
                            "security_groups.#": "1",
                            "security_groups.3814588639": "default",
                            "source_dest_check": "true",
                            "subnet_id": "subnet-0a797368",
                            "tags.%": "1",
                            "tags.Name": "harbor",
                            "tenancy": "default",
                            "volume_tags.%": "0",
                            "vpc_security_group_ids.#": "1",
                            "vpc_security_group_ids.3458169702": "sg-9eb9affc"
                        },
                        "meta": {
                            "e2bfb730-ecaa-11e6-8f88-34363bc7c4c0": {
                                "create": 600000000000,
                                "delete": 600000000000,
                                "update": 600000000000
                            },
                            "schema_version": "1"
                        },
                        "tainted": true
                    },
                    "deposed": [],
                    "provider": "provider.aws"
                },
                "aws_security_group.harbor": {
                    "type": "aws_security_group",
                    "depends_on": [],
                    "primary": {
                        "id": "sg-a62fa7d9",
                        "attributes": {
                            "description": "Allow all inbound traffic",
                            "egress.#": "1",
                            "egress.482069346.cidr_blocks.#": "1",
                            "egress.482069346.cidr_blocks.0": "0.0.0.0/0",
                            "egress.482069346.description": "",
                            "egress.482069346.from_port": "0",
                            "egress.482069346.ipv6_cidr_blocks.#": "0",
                            "egress.482069346.prefix_list_ids.#": "0",
                            "egress.482069346.protocol": "-1",
                            "egress.482069346.security_groups.#": "0",
                            "egress.482069346.self": "false",
                            "egress.482069346.to_port": "0",
                            "id": "sg-a62fa7d9",
                            "ingress.#": "1",
                            "ingress.482069346.cidr_blocks.#": "1",
                            "ingress.482069346.cidr_blocks.0": "0.0.0.0/0",
                            "ingress.482069346.description": "",
                            "ingress.482069346.from_port": "0",
                            "ingress.482069346.ipv6_cidr_blocks.#": "0",
                            "ingress.482069346.protocol": "-1",
                            "ingress.482069346.security_groups.#": "0",
                            "ingress.482069346.self": "false",
                            "ingress.482069346.to_port": "0",
                            "name": "allow_all",
                            "owner_id": "495078824317",
                            "revoke_rules_on_delete": "false",
                            "tags.%": "0",
                            "vpc_id": "vpc-eca7ad8e"
                        },
                        "meta": {
                            "schema_version": "1"
                        },
                        "tainted": false
                    },
                    "deposed": [],
                    "provider": "provider.aws"
                },
                "data.aws_ami.harbor": {
                    "type": "aws_ami",
                    "depends_on": [],
                    "primary": {
                        "id": "ami-accf4dd4",
                        "attributes": {
                            "architecture": "x86_64",
                            "block_device_mappings.#": "3",
                            "block_device_mappings.1634610537.device_name": "/dev/sdb",
                            "block_device_mappings.1634610537.ebs.%": "0",
                            "block_device_mappings.1634610537.no_device": "",
                            "block_device_mappings.1634610537.virtual_name": "ephemeral0",
                            "block_device_mappings.2547816212.device_name": "/dev/sda1",
                            "block_device_mappings.2547816212.ebs.%": "6",
                            "block_device_mappings.2547816212.ebs.delete_on_termination": "true",
                            "block_device_mappings.2547816212.ebs.encrypted": "false",
                            "block_device_mappings.2547816212.ebs.iops": "0",
                            "block_device_mappings.2547816212.ebs.snapshot_id": "snap-0e88a0af41d4c931b",
                            "block_device_mappings.2547816212.ebs.volume_size": "8",
                            "block_device_mappings.2547816212.ebs.volume_type": "gp2",
                            "block_device_mappings.2547816212.no_device": "",
                            "block_device_mappings.2547816212.virtual_name": "",
                            "block_device_mappings.3850042718.device_name": "/dev/sdc",
                            "block_device_mappings.3850042718.ebs.%": "0",
                            "block_device_mappings.3850042718.no_device": "",
                            "block_device_mappings.3850042718.virtual_name": "ephemeral1",
                            "creation_date": "2018-02-16T00:24:48.000Z",
                            "description": "An Ubuntu 16.04 AMI that has VMware Harbor installed.",
                            "filter.#": "3",
                            "filter.279282180.name": "is-public",
                            "filter.279282180.values.#": "1",
                            "filter.279282180.values.0": "false",
                            "filter.490168357.name": "virtualization-type",
                            "filter.490168357.values.#": "1",
                            "filter.490168357.values.0": "hvm",
                            "filter.863936201.name": "name",
                            "filter.863936201.values.#": "1",
                            "filter.863936201.values.0": "harbor-ubuntu-*",
                            "hypervisor": "xen",
                            "id": "ami-accf4dd4",
                            "image_id": "ami-accf4dd4",
                            "image_location": "495078824317/harbor-ubuntu-2018-02-16T00-23-04Z",
                            "image_type": "machine",
                            "most_recent": "true",
                            "name": "harbor-ubuntu-2018-02-16T00-23-04Z",
                            "owner_id": "495078824317",
                            "owners.#": "1",
                            "owners.0": "495078824317",
                            "product_codes.#": "0",
                            "public": "false",
                            "root_device_name": "/dev/sda1",
                            "root_device_type": "ebs",
                            "root_snapshot_id": "snap-0e88a0af41d4c931b",
                            "sriov_net_support": "simple",
                            "state": "available",
                            "state_reason.%": "2",
                            "state_reason.code": "UNSET",
                            "state_reason.message": "UNSET",
                            "tags.%": "0",
                            "virtualization_type": "hvm"
                        },
                        "meta": {},
                        "tainted": false
                    },
                    "deposed": [],
                    "provider": "provider.aws"
                },
                "data.aws_route53_zone.wwko2018": {
                    "type": "aws_route53_zone",
                    "depends_on": [],
                    "primary": {
                        "id": "Z2SHXGEGRXUY6U",
                        "attributes": {
                            "caller_reference": "RISWorkflow-RD:0c8e5b28-343e-4b78-b452-0a98238eb0c5",
                            "comment": "HostedZone created by Route53 Registrar",
                            "id": "Z2SHXGEGRXUY6U",
                            "name": "wwko2018.com.",
                            "private_zone": "false",
                            "resource_record_set_count": "2",
                            "zone_id": "Z2SHXGEGRXUY6U"
                        },
                        "meta": {},
                        "tainted": false
                    },
                    "deposed": [],
                    "provider": "provider.aws"
                }
            },
            "depends_on": []
        }
    ]
}
